
Microsoft Visual Studio Solution File, Format Version 12.00
# Visual Studio Version 16
VisualStudioVersion = 16.0.29806.167
MinimumVisualStudioVersion = 10.0.40219.1
Project("{9A19103F-16F7-4668-BE54-9A1E7A4F7556}") = "yiqibang", "yiqibang\yiqibang.csproj", "{2FEB2C9F-CAFE-4CDD-8720-E85A715F7CFE}"
EndProject
Project("{9A19103F-16F7-4668-BE54-9A1E7A4F7556}") = "Entity", "Entity\Entity.csproj", "{7A47A6B5-9F87-4451-94BA-70AE901371FB}"
EndProject
Project("{9A19103F-16F7-4668-BE54-9A1E7A4F7556}") = "homework", "homework\homework.csproj", "{EDC54CA4-D7E1-44A3-8A47-09DE8212E493}"
EndProject
Project("{9A19103F-16F7-4668-BE54-9A1E7A4F7556}") = "EntityTest", "EntityTest\EntityTest.csproj", "{98DA9B55-3860-451C-B654-6EFB4AB51A5B}"
EndProject
Project("{9A19103F-16F7-4668-BE54-9A1E7A4F7556}") = "HomeWorkTest", "HomeWorkTest\HomeWorkTest.csproj", "{C05539D2-3251-4403-B892-3F58C82B2885}"
EndProject
Project("{FAE04EC0-301F-11D3-BF4B-00C04F79EFBC}") = "Draw", "Draw\Draw.csproj", "{63326267-C13B-4D5A-AD73-FDC053E237E4}"
EndProject
Project("{FAE04EC0-301F-11D3-BF4B-00C04F79EFBC}") = "Drawprogram", "Drawprogram\Drawprogram.csproj", "{85B8EA2D-E131-41C3-9505-A3818C8F578B}"
EndProject
Project("{9A19103F-16F7-4668-BE54-9A1E7A4F7556}") = "LittleWork", "LittleWork\LittleWork.csproj", "{1A46F4F2-A2D2-4626-AA7C-C03B6DD7C9B4}"
EndProject
Global
	GlobalSection(SolutionConfigurationPlatforms) = preSolution
		Debug|Any CPU = Debug|Any CPU
		Release|Any CPU = Release|Any CPU
	EndGlobalSection
	GlobalSection(ProjectConfigurationPlatforms) = postSolution
		{2FEB2C9F-CAFE-4CDD-8720-E85A715F7CFE}.Debug|Any CPU.ActiveCfg = Debug|Any CPU
		{2FEB2C9F-CAFE-4CDD-8720-E85A715F7CFE}.Debug|Any CPU.Build.0 = Debug|Any CPU
		{2FEB2C9F-CAFE-4CDD-8720-E85A715F7CFE}.Release|Any CPU.ActiveCfg = Release|Any CPU
		{2FEB2C9F-CAFE-4CDD-8720-E85A715F7CFE}.Release|Any CPU.Build.0 = Release|Any CPU
		{7A47A6B5-9F87-4451-94BA-70AE901371FB}.Debug|Any CPU.ActiveCfg = Debug|Any CPU
		{7A47A6B5-9F87-4451-94BA-70AE901371FB}.Debug|Any CPU.Build.0 = Debug|Any CPU
		{7A47A6B5-9F87-4451-94BA-70AE901371FB}.Release|Any CPU.ActiveCfg = Release|Any CPU
		{7A47A6B5-9F87-4451-94BA-70AE901371FB}.Release|Any CPU.Build.0 = Release|Any CPU
		{EDC54CA4-D7E1-44A3-8A47-09DE8212E493}.Debug|Any CPU.ActiveCfg = Debug|Any CPU
		{EDC54CA4-D7E1-44A3-8A47-09DE8212E493}.Debug|Any CPU.Build.0 = Debug|Any CPU
		{EDC54CA4-D7E1-44A3-8A47-09DE8212E493}.Release|Any CPU.ActiveCfg = Release|Any CPU
		{EDC54CA4-D7E1-44A3-8A47-09DE8212E493}.Release|Any CPU.Build.0 = Release|Any CPU
		{98DA9B55-3860-451C-B654-6EFB4AB51A5B}.Debug|Any CPU.ActiveCfg = Debug|Any CPU
		{98DA9B55-3860-451C-B654-6EFB4AB51A5B}.Debug|Any CPU.Build.0 = Debug|Any CPU
		{98DA9B55-3860-451C-B654-6EFB4AB51A5B}.Release|Any CPU.ActiveCfg = Release|Any CPU
		{98DA9B55-3860-451C-B654-6EFB4AB51A5B}.Release|Any CPU.Build.0 = Release|Any CPU
		{C05539D2-3251-4403-B892-3F58C82B2885}.Debug|Any CPU.ActiveCfg = Debug|Any CPU
		{C05539D2-3251-4403-B892-3F58C82B2885}.Debug|Any CPU.Build.0 = Debug|Any CPU
		{C05539D2-3251-4403-B892-3F58C82B2885}.Release|Any CPU.ActiveCfg = Release|Any CPU
		{C05539D2-3251-4403-B892-3F58C82B2885}.Release|Any CPU.Build.0 = Release|Any CPU
		{63326267-C13B-4D5A-AD73-FDC053E237E4}.Debug|Any CPU.ActiveCfg = Debug|Any CPU
		{63326267-C13B-4D5A-AD73-FDC053E237E4}.Debug|Any CPU.Build.0 = Debug|Any CPU
		{63326267-C13B-4D5A-AD73-FDC053E237E4}.Release|Any CPU.ActiveCfg = Release|Any CPU
		{63326267-C13B-4D5A-AD73-FDC053E237E4}.Release|Any CPU.Build.0 = Release|Any CPU
		{85B8EA2D-E131-41C3-9505-A3818C8F578B}.Debug|Any CPU.ActiveCfg = Debug|Any CPU
		{85B8EA2D-E131-41C3-9505-A3818C8F578B}.Debug|Any CPU.Build.0 = Debug|Any CPU
		{85B8EA2D-E131-41C3-9505-A3818C8F578B}.Release|Any CPU.ActiveCfg = Release|Any CPU
		{85B8EA2D-E131-41C3-9505-A3818C8F578B}.Release|Any CPU.Build.0 = Release|Any CPU
		{1A46F4F2-A2D2-4626-AA7C-C03B6DD7C9B4}.Debug|Any CPU.ActiveCfg = Debug|Any CPU
		{1A46F4F2-A2D2-4626-AA7C-C03B6DD7C9B4}.Debug|Any CPU.Build.0 = Debug|Any CPU
		{1A46F4F2-A2D2-4626-AA7C-C03B6DD7C9B4}.Release|Any CPU.ActiveCfg = Release|Any CPU
		{1A46F4F2-A2D2-4626-AA7C-C03B6DD7C9B4}.Release|Any CPU.Build.0 = Release|Any CPU
	EndGlobalSection
	GlobalSection(SolutionProperties) = preSolution
		HideSolutionNode = FALSE
	EndGlobalSection
	GlobalSection(ExtensibilityGlobals) = postSolution
		SolutionGuid = {2FE773FB-1D71-428C-96C3-A70A092FB6D7}
	EndGlobalSection
EndGlobal
