
Microsoft Visual Studio Solution File, Format Version 12.00
# Visual Studio Version 16
VisualStudioVersion = 16.0.29806.167
MinimumVisualStudioVersion = 10.0.40219.1
Project("{9A19103F-16F7-4668-BE54-9A1E7A4F7556}") = "yiqibang", "yiqibang\yiqibang.csproj", "{2FEB2C9F-CAFE-4CDD-8720-E85A715F7CFE}"
EndProject
Project("{9A19103F-16F7-4668-BE54-9A1E7A4F7556}") = "Entity", "Entity\Entity.csproj", "{7A47A6B5-9F87-4451-94BA-70AE901371FB}"
EndProject
Project("{9A19103F-16F7-4668-BE54-9A1E7A4F7556}") = "homeWork", "homework\homeWork.csproj", "{EDC54CA4-D7E1-44A3-8A47-09DE8212E493}"
EndProject
Global
	GlobalSection(SolutionConfigurationPlatforms) = preSolution
		Debug|Any CPU = Debug|Any CPU
		Release|Any CPU = Release|Any CPU
	EndGlobalSection
	GlobalSection(ProjectConfigurationPlatforms) = postSolution
		{2FEB2C9F-CAFE-4CDD-8720-E85A715F7CFE}.Debug|Any CPU.ActiveCfg = Debug|Any CPU
		{2FEB2C9F-CAFE-4CDD-8720-E85A715F7CFE}.Debug|Any CPU.Build.0 = Debug|Any CPU
		{2FEB2C9F-CAFE-4CDD-8720-E85A715F7CFE}.Release|Any CPU.ActiveCfg = Release|Any CPU
		{2FEB2C9F-CAFE-4CDD-8720-E85A715F7CFE}.Release|Any CPU.Build.0 = Release|Any CPU
		{7A47A6B5-9F87-4451-94BA-70AE901371FB}.Debug|Any CPU.ActiveCfg = Debug|Any CPU
		{7A47A6B5-9F87-4451-94BA-70AE901371FB}.Debug|Any CPU.Build.0 = Debug|Any CPU
		{7A47A6B5-9F87-4451-94BA-70AE901371FB}.Release|Any CPU.ActiveCfg = Release|Any CPU
		{7A47A6B5-9F87-4451-94BA-70AE901371FB}.Release|Any CPU.Build.0 = Release|Any CPU
		{EDC54CA4-D7E1-44A3-8A47-09DE8212E493}.Debug|Any CPU.ActiveCfg = Debug|Any CPU
		{EDC54CA4-D7E1-44A3-8A47-09DE8212E493}.Debug|Any CPU.Build.0 = Debug|Any CPU
		{EDC54CA4-D7E1-44A3-8A47-09DE8212E493}.Release|Any CPU.ActiveCfg = Release|Any CPU
		{EDC54CA4-D7E1-44A3-8A47-09DE8212E493}.Release|Any CPU.Build.0 = Release|Any CPU
	EndGlobalSection
	GlobalSection(SolutionProperties) = preSolution
		HideSolutionNode = FALSE
	EndGlobalSection
	GlobalSection(ExtensibilityGlobals) = postSolution
		SolutionGuid = {2FE773FB-1D71-428C-96C3-A70A092FB6D7}
	EndGlobalSection
EndGlobal
